// !$*UTF8*$!
{
	archiveVersion = 1;
	classes = {
	};
	objectVersion = 51;
	objects = {

/* Begin PBXBuildFile section */
		A025E2882248B0B900D83950 /* Then.framework in Frameworks */ = {isa = PBXBuildFile; fileRef = A025E27E2248B0B800D83950 /* Then.framework */; };
		A025E28F2248B0B900D83950 /* Then.h in Headers */ = {isa = PBXBuildFile; fileRef = A025E2812248B0B800D83950 /* Then.h */; settings = {ATTRIBUTES = (Public, ); }; };
		A025E29A2248B1E800D83950 /* Then.swift in Sources */ = {isa = PBXBuildFile; fileRef = A025E2992248B1E800D83950 /* Then.swift */; };
		A025E29D2248B22000D83950 /* ThenTests.swift in Sources */ = {isa = PBXBuildFile; fileRef = A025E29C2248B22000D83950 /* ThenTests.swift */; };
/* End PBXBuildFile section */

/* Begin PBXContainerItemProxy section */
		A025E2892248B0B900D83950 /* PBXContainerItemProxy */ = {
			isa = PBXContainerItemProxy;
			containerPortal = A025E2752248B0B800D83950 /* Project object */;
			proxyType = 1;
			remoteGlobalIDString = A025E27D2248B0B800D83950;
			remoteInfo = Then;
		};
/* End PBXContainerItemProxy section */

/* Begin PBXFileReference section */
		A025E27E2248B0B800D83950 /* Then.framework */ = {isa = PBXFileReference; explicitFileType = wrapper.framework; includeInIndex = 0; path = Then.framework; sourceTree = BUILT_PRODUCTS_DIR; };
		A025E2812248B0B800D83950 /* Then.h */ = {isa = PBXFileReference; lastKnownFileType = sourcecode.c.h; path = Then.h; sourceTree = "<group>"; };
		A025E2822248B0B800D83950 /* Info.plist */ = {isa = PBXFileReference; lastKnownFileType = text.plist.xml; path = Info.plist; sourceTree = "<group>"; };
		A025E2872248B0B900D83950 /* ThenTests.xctest */ = {isa = PBXFileReference; explicitFileType = wrapper.cfbundle; includeInIndex = 0; path = ThenTests.xctest; sourceTree = BUILT_PRODUCTS_DIR; };
		A025E28E2248B0B900D83950 /* Info.plist */ = {isa = PBXFileReference; lastKnownFileType = text.plist.xml; path = Info.plist; sourceTree = "<group>"; };
		A025E2992248B1E800D83950 /* Then.swift */ = {isa = PBXFileReference; fileEncoding = 4; lastKnownFileType = sourcecode.swift; path = Then.swift; sourceTree = "<group>"; };
		A025E29C2248B22000D83950 /* ThenTests.swift */ = {isa = PBXFileReference; fileEncoding = 4; lastKnownFileType = sourcecode.swift; path = ThenTests.swift; sourceTree = "<group>"; };
		A025E29E2248B24B00D83950 /* README.md */ = {isa = PBXFileReference; lastKnownFileType = net.daringfireball.markdown; path = README.md; sourceTree = "<group>"; };
		A025E29F2248B25400D83950 /* Then.podspec */ = {isa = PBXFileReference; lastKnownFileType = text; path = Then.podspec; sourceTree = "<group>"; };
		A025E2A02248B5D600D83950 /* LICENSE */ = {isa = PBXFileReference; lastKnownFileType = text; path = LICENSE; sourceTree = "<group>"; };
/* End PBXFileReference section */

/* Begin PBXFrameworksBuildPhase section */
		A025E27B2248B0B800D83950 /* Frameworks */ = {
			isa = PBXFrameworksBuildPhase;
			buildActionMask = 2147483647;
			files = (
			);
			runOnlyForDeploymentPostprocessing = 0;
		};
		A025E2842248B0B900D83950 /* Frameworks */ = {
			isa = PBXFrameworksBuildPhase;
			buildActionMask = 2147483647;
			files = (
				A025E2882248B0B900D83950 /* Then.framework in Frameworks */,
			);
			runOnlyForDeploymentPostprocessing = 0;
		};
/* End PBXFrameworksBuildPhase section */

/* Begin PBXGroup section */
		A025E2742248B0B800D83950 = {
			isa = PBXGroup;
			children = (
				A025E29E2248B24B00D83950 /* README.md */,
				A025E2A02248B5D600D83950 /* LICENSE */,
				A025E29F2248B25400D83950 /* Then.podspec */,
				A025E2802248B0B800D83950 /* Sources */,
				A025E28B2248B0B900D83950 /* Tests */,
				A025E27F2248B0B800D83950 /* Products */,
			);
			sourceTree = "<group>";
		};
		A025E27F2248B0B800D83950 /* Products */ = {
			isa = PBXGroup;
			children = (
				A025E27E2248B0B800D83950 /* Then.framework */,
				A025E2872248B0B900D83950 /* ThenTests.xctest */,
			);
			name = Products;
			sourceTree = "<group>";
		};
		A025E2802248B0B800D83950 /* Sources */ = {
			isa = PBXGroup;
			children = (
				A025E2812248B0B800D83950 /* Then.h */,
				A025E2822248B0B800D83950 /* Info.plist */,
				A025E2982248B1E800D83950 /* Then */,
			);
			path = Sources;
			sourceTree = "<group>";
		};
		A025E28B2248B0B900D83950 /* Tests */ = {
			isa = PBXGroup;
			children = (
				A025E28E2248B0B900D83950 /* Info.plist */,
				A025E29B2248B22000D83950 /* ThenTests */,
			);
			path = Tests;
			sourceTree = "<group>";
		};
		A025E2982248B1E800D83950 /* Then */ = {
			isa = PBXGroup;
			children = (
				A025E2992248B1E800D83950 /* Then.swift */,
			);
			path = Then;
			sourceTree = "<group>";
		};
		A025E29B2248B22000D83950 /* ThenTests */ = {
			isa = PBXGroup;
			children = (
				A025E29C2248B22000D83950 /* ThenTests.swift */,
			);
			path = ThenTests;
			sourceTree = "<group>";
		};
/* End PBXGroup section */

/* Begin PBXHeadersBuildPhase section */
		A025E2792248B0B800D83950 /* Headers */ = {
			isa = PBXHeadersBuildPhase;
			buildActionMask = 2147483647;
			files = (
				A025E28F2248B0B900D83950 /* Then.h in Headers */,
			);
			runOnlyForDeploymentPostprocessing = 0;
		};
/* End PBXHeadersBuildPhase section */

/* Begin PBXNativeTarget section */
		A025E27D2248B0B800D83950 /* Then */ = {
			isa = PBXNativeTarget;
			buildConfigurationList = A025E2922248B0B900D83950 /* Build configuration list for PBXNativeTarget "Then" */;
			buildPhases = (
				A025E2792248B0B800D83950 /* Headers */,
				A025E27A2248B0B800D83950 /* Sources */,
				A025E27B2248B0B800D83950 /* Frameworks */,
				A025E27C2248B0B800D83950 /* Resources */,
			);
			buildRules = (
			);
			dependencies = (
			);
			name = Then;
			productName = Then;
			productReference = A025E27E2248B0B800D83950 /* Then.framework */;
			productType = "com.apple.product-type.framework";
		};
		A025E2862248B0B900D83950 /* ThenTests */ = {
			isa = PBXNativeTarget;
			buildConfigurationList = A025E2952248B0B900D83950 /* Build configuration list for PBXNativeTarget "ThenTests" */;
			buildPhases = (
				A025E2832248B0B900D83950 /* Sources */,
				A025E2842248B0B900D83950 /* Frameworks */,
				A025E2852248B0B900D83950 /* Resources */,
			);
			buildRules = (
			);
			dependencies = (
				A025E28A2248B0B900D83950 /* PBXTargetDependency */,
			);
			name = ThenTests;
			productName = ThenTests;
			productReference = A025E2872248B0B900D83950 /* ThenTests.xctest */;
			productType = "com.apple.product-type.bundle.unit-test";
		};
/* End PBXNativeTarget section */

/* Begin PBXProject section */
		A025E2752248B0B800D83950 /* Project object */ = {
			isa = PBXProject;
			attributes = {
				LastSwiftUpdateCheck = 1010;
				LastUpgradeCheck = 1010;
				ORGANIZATIONNAME = anotheren.com;
				TargetAttributes = {
					A025E27D2248B0B800D83950 = {
						CreatedOnToolsVersion = 10.1;
					};
					A025E2862248B0B900D83950 = {
						CreatedOnToolsVersion = 10.1;
					};
				};
			};
			buildConfigurationList = A025E2782248B0B800D83950 /* Build configuration list for PBXProject "Then" */;
			compatibilityVersion = "Xcode 10.0";
			developmentRegion = en;
			hasScannedForEncodings = 0;
			knownRegions = (
				en,
			);
			mainGroup = A025E2742248B0B800D83950;
			productRefGroup = A025E27F2248B0B800D83950 /* Products */;
			projectDirPath = "";
			projectRoot = "";
			targets = (
				A025E27D2248B0B800D83950 /* Then */,
				A025E2862248B0B900D83950 /* ThenTests */,
			);
		};
/* End PBXProject section */

/* Begin PBXResourcesBuildPhase section */
		A025E27C2248B0B800D83950 /* Resources */ = {
			isa = PBXResourcesBuildPhase;
			buildActionMask = 2147483647;
			files = (
			);
			runOnlyForDeploymentPostprocessing = 0;
		};
		A025E2852248B0B900D83950 /* Resources */ = {
			isa = PBXResourcesBuildPhase;
			buildActionMask = 2147483647;
			files = (
			);
			runOnlyForDeploymentPostprocessing = 0;
		};
/* End PBXResourcesBuildPhase section */

/* Begin PBXSourcesBuildPhase section */
		A025E27A2248B0B800D83950 /* Sources */ = {
			isa = PBXSourcesBuildPhase;
			buildActionMask = 2147483647;
			files = (
				A025E29A2248B1E800D83950 /* Then.swift in Sources */,
			);
			runOnlyForDeploymentPostprocessing = 0;
		};
		A025E2832248B0B900D83950 /* Sources */ = {
			isa = PBXSourcesBuildPhase;
			buildActionMask = 2147483647;
			files = (
				A025E29D2248B22000D83950 /* ThenTests.swift in Sources */,
			);
			runOnlyForDeploymentPostprocessing = 0;
		};
/* End PBXSourcesBuildPhase section */

/* Begin PBXTargetDependency section */
		A025E28A2248B0B900D83950 /* PBXTargetDependency */ = {
			isa = PBXTargetDependency;
			target = A025E27D2248B0B800D83950 /* Then */;
			targetProxy = A025E2892248B0B900D83950 /* PBXContainerItemProxy */;
		};
/* End PBXTargetDependency section */

/* Begin XCBuildConfiguration section */
		A025E2902248B0B900D83950 /* Debug */ = {
			isa = XCBuildConfiguration;
			buildSettings = {
				ALWAYS_SEARCH_USER_PATHS = NO;
				CLANG_ANALYZER_NONNULL = YES;
				CLANG_ANALYZER_NUMBER_OBJECT_CONVERSION = YES_AGGRESSIVE;
				CLANG_CXX_LANGUAGE_STANDARD = "gnu++14";
				CLANG_CXX_LIBRARY = "libc++";
				CLANG_ENABLE_MODULES = YES;
				CLANG_ENABLE_OBJC_ARC = YES;
				CLANG_ENABLE_OBJC_WEAK = YES;
				CLANG_WARN_BLOCK_CAPTURE_AUTORELEASING = YES;
				CLANG_WARN_BOOL_CONVERSION = YES;
				CLANG_WARN_COMMA = YES;
				CLANG_WARN_CONSTANT_CONVERSION = YES;
				CLANG_WARN_DEPRECATED_OBJC_IMPLEMENTATIONS = YES;
				CLANG_WARN_DIRECT_OBJC_ISA_USAGE = YES_ERROR;
				CLANG_WARN_DOCUMENTATION_COMMENTS = YES;
				CLANG_WARN_EMPTY_BODY = YES;
				CLANG_WARN_ENUM_CONVERSION = YES;
				CLANG_WARN_INFINITE_RECURSION = YES;
				CLANG_WARN_INT_CONVERSION = YES;
				CLANG_WARN_NON_LITERAL_NULL_CONVERSION = YES;
				CLANG_WARN_OBJC_IMPLICIT_RETAIN_SELF = YES;
				CLANG_WARN_OBJC_LITERAL_CONVERSION = YES;
				CLANG_WARN_OBJC_ROOT_CLASS = YES_ERROR;
				CLANG_WARN_RANGE_LOOP_ANALYSIS = YES;
				CLANG_WARN_STRICT_PROTOTYPES = YES;
				CLANG_WARN_SUSPICIOUS_MOVE = YES;
				CLANG_WARN_UNGUARDED_AVAILABILITY = YES_AGGRESSIVE;
				CLANG_WARN_UNREACHABLE_CODE = YES;
				CLANG_WARN__DUPLICATE_METHOD_MATCH = YES;
				CODE_SIGN_IDENTITY = "iPhone Developer";
				COPY_PHASE_STRIP = NO;
				CURRENT_PROJECT_VERSION = 1;
				DEBUG_INFORMATION_FORMAT = dwarf;
				ENABLE_STRICT_OBJC_MSGSEND = YES;
				ENABLE_TESTABILITY = YES;
				GCC_C_LANGUAGE_STANDARD = gnu11;
				GCC_DYNAMIC_NO_PIC = NO;
				GCC_NO_COMMON_BLOCKS = YES;
				GCC_OPTIMIZATION_LEVEL = 0;
				GCC_PREPROCESSOR_DEFINITIONS = (
					"DEBUG=1",
					"$(inherited)",
				);
				GCC_WARN_64_TO_32_BIT_CONVERSION = YES;
				GCC_WARN_ABOUT_RETURN_TYPE = YES_ERROR;
				GCC_WARN_UNDECLARED_SELECTOR = YES;
				GCC_WARN_UNINITIALIZED_AUTOS = YES_AGGRESSIVE;
				GCC_WARN_UNUSED_FUNCTION = YES;
				GCC_WARN_UNUSED_VARIABLE = YES;
				IPHONEOS_DEPLOYMENT_TARGET = 12.1;
				MTL_ENABLE_DEBUG_INFO = INCLUDE_SOURCE;
				MTL_FAST_MATH = YES;
				ONLY_ACTIVE_ARCH = YES;
				SDKROOT = iphoneos;
				SWIFT_ACTIVE_COMPILATION_CONDITIONS = DEBUG;
				SWIFT_OPTIMIZATION_LEVEL = "-Onone";
				VERSIONING_SYSTEM = "apple-generic";
				VERSION_INFO_PREFIX = "";
			};
			name = Debug;
		};
		A025E2912248B0B900D83950 /* Release */ = {
			isa = XCBuildConfiguration;
			buildSettings = {
				ALWAYS_SEARCH_USER_PATHS = NO;
				CLANG_ANALYZER_NONNULL = YES;
				CLANG_ANALYZER_NUMBER_OBJECT_CONVERSION = YES_AGGRESSIVE;
				CLANG_CXX_LANGUAGE_STANDARD = "gnu++14";
				CLANG_CXX_LIBRARY = "libc++";
				CLANG_ENABLE_MODULES = YES;
				CLANG_ENABLE_OBJC_ARC = YES;
				CLANG_ENABLE_OBJC_WEAK = YES;
				CLANG_WARN_BLOCK_CAPTURE_AUTORELEASING = YES;
				CLANG_WARN_BOOL_CONVERSION = YES;
				CLANG_WARN_COMMA = YES;
				CLANG_WARN_CONSTANT_CONVERSION = YES;
				CLANG_WARN_DEPRECATED_OBJC_IMPLEMENTATIONS = YES;
				CLANG_WARN_DIRECT_OBJC_ISA_USAGE = YES_ERROR;
				CLANG_WARN_DOCUMENTATION_COMMENTS = YES;
				CLANG_WARN_EMPTY_BODY = YES;
				CLANG_WARN_ENUM_CONVERSION = YES;
				CLANG_WARN_INFINITE_RECURSION = YES;
				CLANG_WARN_INT_CONVERSION = YES;
				CLANG_WARN_NON_LITERAL_NULL_CONVERSION = YES;
				CLANG_WARN_OBJC_IMPLICIT_RETAIN_SELF = YES;
				CLANG_WARN_OBJC_LITERAL_CONVERSION = YES;
				CLANG_WARN_OBJC_ROOT_CLASS = YES_ERROR;
				CLANG_WARN_RANGE_LOOP_ANALYSIS = YES;
				CLANG_WARN_STRICT_PROTOTYPES = YES;
				CLANG_WARN_SUSPICIOUS_MOVE = YES;
				CLANG_WARN_UNGUARDED_AVAILABILITY = YES_AGGRESSIVE;
				CLANG_WARN_UNREACHABLE_CODE = YES;
				CLANG_WARN__DUPLICATE_METHOD_MATCH = YES;
				CODE_SIGN_IDENTITY = "iPhone Developer";
				COPY_PHASE_STRIP = NO;
				CURRENT_PROJECT_VERSION = 1;
				DEBUG_INFORMATION_FORMAT = "dwarf-with-dsym";
				ENABLE_NS_ASSERTIONS = NO;
				ENABLE_STRICT_OBJC_MSGSEND = YES;
				GCC_C_LANGUAGE_STANDARD = gnu11;
				GCC_NO_COMMON_BLOCKS = YES;
				GCC_WARN_64_TO_32_BIT_CONVERSION = YES;
				GCC_WARN_ABOUT_RETURN_TYPE = YES_ERROR;
				GCC_WARN_UNDECLARED_SELECTOR = YES;
				GCC_WARN_UNINITIALIZED_AUTOS = YES_AGGRESSIVE;
				GCC_WARN_UNUSED_FUNCTION = YES;
				GCC_WARN_UNUSED_VARIABLE = YES;
				IPHONEOS_DEPLOYMENT_TARGET = 12.1;
				MTL_ENABLE_DEBUG_INFO = NO;
				MTL_FAST_MATH = YES;
				SDKROOT = iphoneos;
				SWIFT_COMPILATION_MODE = wholemodule;
				SWIFT_OPTIMIZATION_LEVEL = "-O";
				VALIDATE_PRODUCT = YES;
				VERSIONING_SYSTEM = "apple-generic";
				VERSION_INFO_PREFIX = "";
			};
			name = Release;
		};
		A025E2932248B0B900D83950 /* Debug */ = {
			isa = XCBuildConfiguration;
			buildSettings = {
				APPLICATION_EXTENSION_API_ONLY = YES;
				CODE_SIGN_IDENTITY = "";
				CODE_SIGN_STYLE = Automatic;
				DEFINES_MODULE = YES;
				DEVELOPMENT_TEAM = "";
				DYLIB_COMPATIBILITY_VERSION = 1;
				DYLIB_CURRENT_VERSION = 1;
				DYLIB_INSTALL_NAME_BASE = "@rpath";
				INFOPLIST_FILE = "$(SRCROOT)/Sources/Info.plist";
				INSTALL_PATH = "$(LOCAL_LIBRARY_DIR)/Frameworks";
				IPHONEOS_DEPLOYMENT_TARGET = 8.0;
				LD_RUNPATH_SEARCH_PATHS = (
					"$(inherited)",
					"@executable_path/Frameworks",
					"@loader_path/Frameworks",
				);
				PRODUCT_BUNDLE_IDENTIFIER = com.anotheren.Then;
				PRODUCT_NAME = "$(TARGET_NAME:c99extidentifier)";
				SKIP_INSTALL = YES;
				SWIFT_VERSION = 4.2;
				TARGETED_DEVICE_FAMILY = "1,2";
			};
			name = Debug;
		};
		A025E2942248B0B900D83950 /* Release */ = {
			isa = XCBuildConfiguration;
			buildSettings = {
				APPLICATION_EXTENSION_API_ONLY = YES;
				CODE_SIGN_IDENTITY = "";
				CODE_SIGN_STYLE = Automatic;
				DEFINES_MODULE = YES;
				DEVELOPMENT_TEAM = "";
				DYLIB_COMPATIBILITY_VERSION = 1;
				DYLIB_CURRENT_VERSION = 1;
				DYLIB_INSTALL_NAME_BASE = "@rpath";
				INFOPLIST_FILE = "$(SRCROOT)/Sources/Info.plist";
				INSTALL_PATH = "$(LOCAL_LIBRARY_DIR)/Frameworks";
				IPHONEOS_DEPLOYMENT_TARGET = 8.0;
				LD_RUNPATH_SEARCH_PATHS = (
					"$(inherited)",
					"@executable_path/Frameworks",
					"@loader_path/Frameworks",
				);
				PRODUCT_BUNDLE_IDENTIFIER = com.anotheren.Then;
				PRODUCT_NAME = "$(TARGET_NAME:c99extidentifier)";
				SKIP_INSTALL = YES;
				SWIFT_VERSION = 4.2;
				TARGETED_DEVICE_FAMILY = "1,2";
			};
			name = Release;
		};
		A025E2962248B0B900D83950 /* Debug */ = {
			isa = XCBuildConfiguration;
			buildSettings = {
				ALWAYS_EMBED_SWIFT_STANDARD_LIBRARIES = YES;
				CODE_SIGN_STYLE = Automatic;
				DEVELOPMENT_TEAM = 7SA22A9L3L;
				INFOPLIST_FILE = Tests/Info.plist;
				LD_RUNPATH_SEARCH_PATHS = (
					"$(inherited)",
					"@executable_path/Frameworks",
					"@loader_path/Frameworks",
				);
				PRODUCT_BUNDLE_IDENTIFIER = com.anotheren.ThenTests;
				PRODUCT_NAME = "$(TARGET_NAME)";
				SWIFT_VERSION = 4.2;
				TARGETED_DEVICE_FAMILY = "1,2";
			};
			name = Debug;
		};
		A025E2972248B0B900D83950 /* Release */ = {
			isa = XCBuildConfiguration;
			buildSettings = {
				ALWAYS_EMBED_SWIFT_STANDARD_LIBRARIES = YES;
				CODE_SIGN_STYLE = Automatic;
				DEVELOPMENT_TEAM = 7SA22A9L3L;
				INFOPLIST_FILE = Tests/Info.plist;
				LD_RUNPATH_SEARCH_PATHS = (
					"$(inherited)",
					"@executable_path/Frameworks",
					"@loader_path/Frameworks",
				);
				PRODUCT_BUNDLE_IDENTIFIER = com.anotheren.ThenTests;
				PRODUCT_NAME = "$(TARGET_NAME)";
				SWIFT_VERSION = 4.2;
				TARGETED_DEVICE_FAMILY = "1,2";
			};
			name = Release;
		};
/* End XCBuildConfiguration section */

/* Begin XCConfigurationList section */
		A025E2782248B0B800D83950 /* Build configuration list for PBXProject "Then" */ = {
			isa = XCConfigurationList;
			buildConfigurations = (
				A025E2902248B0B900D83950 /* Debug */,
				A025E2912248B0B900D83950 /* Release */,
			);
			defaultConfigurationIsVisible = 0;
			defaultConfigurationName = Release;
		};
		A025E2922248B0B900D83950 /* Build configuration list for PBXNativeTarget "Then" */ = {
			isa = XCConfigurationList;
			buildConfigurations = (
				A025E2932248B0B900D83950 /* Debug */,
				A025E2942248B0B900D83950 /* Release */,
			);
			defaultConfigurationIsVisible = 0;
			defaultConfigurationName = Release;
		};
		A025E2952248B0B900D83950 /* Build configuration list for PBXNativeTarget "ThenTests" */ = {
			isa = XCConfigurationList;
			buildConfigurations = (
				A025E2962248B0B900D83950 /* Debug */,
				A025E2972248B0B900D83950 /* Release */,
			);
			defaultConfigurationIsVisible = 0;
			defaultConfigurationName = Release;
		};
/* End XCConfigurationList section */
	};
	rootObject = A025E2752248B0B800D83950 /* Project object */;
}
